Microsoft Visual Studio Solution File, Format Version 11.00
# Visual Studio 2008

Project("{34B5DCDD-C81E-D88E-E266-9E239E70D941}") = "7hFPS[03.08.2013]", "Assembly-CSharp-firstpass.csproj", "{CEC65E7D-80E8-A8B2-840F-91830B860778}"
EndProject
Project("{34B5DCDD-C81E-D88E-E266-9E239E70D941}") = "7hFPS[03.08.2013]", "Assembly-CSharp.csproj", "{FFFA9EB3-578A-5909-FFF1-0FED99038B11}"
EndProject
Project("{34B5DCDD-C81E-D88E-E266-9E239E70D941}") = "7hFPS[03.08.2013]", "Assembly-UnityScript-firstpass.unityproj", "{723C1DF3-16FC-09CE-729C-B0B72F97924E}"
EndProject
Project("{34B5DCDD-C81E-D88E-E266-9E239E70D941}") = "7hFPS[03.08.2013]", "Assembly-UnityScript.unityproj", "{78EE00CC-C994-4858-CDC6-B0E1C5EA426B}"
EndProject
Global
	GlobalSection(SolutionConfigurationPlatforms) = preSolution
		Debug|Any CPU = Debug|Any CPU
		Release|Any CPU = Release|Any CPU
	EndGlobalSection
	GlobalSection(ProjectConfigurationPlatforms) = postSolution
		{CEC65E7D-80E8-A8B2-840F-91830B860778}.Debug|Any CPU.ActiveCfg = Debug|Any CPU
		{CEC65E7D-80E8-A8B2-840F-91830B860778}.Debug|Any CPU.Build.0 = Debug|Any CPU
		{CEC65E7D-80E8-A8B2-840F-91830B860778}.Release|Any CPU.ActiveCfg = Release|Any CPU
		{CEC65E7D-80E8-A8B2-840F-91830B860778}.Release|Any CPU.Build.0 = Release|Any CPU
		{FFFA9EB3-578A-5909-FFF1-0FED99038B11}.Debug|Any CPU.ActiveCfg = Debug|Any CPU
		{FFFA9EB3-578A-5909-FFF1-0FED99038B11}.Debug|Any CPU.Build.0 = Debug|Any CPU
		{FFFA9EB3-578A-5909-FFF1-0FED99038B11}.Release|Any CPU.ActiveCfg = Release|Any CPU
		{FFFA9EB3-578A-5909-FFF1-0FED99038B11}.Release|Any CPU.Build.0 = Release|Any CPU
		{723C1DF3-16FC-09CE-729C-B0B72F97924E}.Debug|Any CPU.ActiveCfg = Debug|Any CPU
		{723C1DF3-16FC-09CE-729C-B0B72F97924E}.Debug|Any CPU.Build.0 = Debug|Any CPU
		{723C1DF3-16FC-09CE-729C-B0B72F97924E}.Release|Any CPU.ActiveCfg = Release|Any CPU
		{723C1DF3-16FC-09CE-729C-B0B72F97924E}.Release|Any CPU.Build.0 = Release|Any CPU
		{78EE00CC-C994-4858-CDC6-B0E1C5EA426B}.Debug|Any CPU.ActiveCfg = Debug|Any CPU
		{78EE00CC-C994-4858-CDC6-B0E1C5EA426B}.Debug|Any CPU.Build.0 = Debug|Any CPU
		{78EE00CC-C994-4858-CDC6-B0E1C5EA426B}.Release|Any CPU.ActiveCfg = Release|Any CPU
		{78EE00CC-C994-4858-CDC6-B0E1C5EA426B}.Release|Any CPU.Build.0 = Release|Any CPU
	EndGlobalSection
	GlobalSection(SolutionProperties) = preSolution
		HideSolutionNode = FALSE
	EndGlobalSection
																														GlobalSection(MonoDevelopProperties) = preSolution
		StartupItem = Assembly-CSharp.csproj
		Policies = $0
		$0.TextStylePolicy = $1
		$1.inheritsSet = null
		$1.scope = text/x-csharp
		$0.CSharpFormattingPolicy = $2
		$2.inheritsSet = Mono
		$2.inheritsScope = text/x-csharp
		$2.scope = text/x-csharp
		$0.TextStylePolicy = $3
		$3.FileWidth = 120
		$3.TabWidth = 4
		$3.EolMarker = Unix
		$3.inheritsSet = Mono
		$3.inheritsScope = text/plain
		$3.scope = text/plain
	EndGlobalSection

EndGlobal
